PODS:
  - INSPullToRefresh (1.0.12)
  - LoremIpsum (1.0.0)
  - SlackTextViewController (1.7.1):
    - INSPullToRefresh

DEPENDENCIES:
  - INSPullToRefresh (~> 1.0)
  - LoremIpsum (~> 1.0)
  - SlackTextViewController (from `../SlackTextViewController.podspec`)

EXTERNAL SOURCES:
  SlackTextViewController:
    :path: ../SlackTextViewController.podspec

SPEC CHECKSUMS:
  INSPullToRefresh: 3c3840b1837870d6553f749dab6520e31f551a76
  LoremIpsum: 9029c55d36501b2ee0b05cc9ecda11d3a0479160
  SlackTextViewController: 08c87a0964d257ceed2c87b123e1c6ed157af406

COCOAPODS: 0.38.2
